
Microsoft Visual Studio Solution File, Format Version 12.00
# Visual Studio Version 17
VisualStudioVersion = 17.3.32929.385
MinimumVisualStudioVersion = 10.0.40219.1
Project("{9A19103F-16F7-4668-BE54-9A1E7A4F7556}") = "AhoyChat", "src\Chat\AhoyChat.csproj", "{F1B0814C-A182-44B4-92BA-D6740C0D5B64}"
EndProject
Project("{9A19103F-16F7-4668-BE54-9A1E7A4F7556}") = "AhoyMessageReceiver", "src\MessageReceiver\AhoyMessageReceiver.csproj", "{96E41546-150F-4C66-83A1-662D3C756AEB}"
EndProject
Project("{9A19103F-16F7-4668-BE54-9A1E7A4F7556}") = "AhoyMessageSender", "src\MessageSender\AhoyMessageSender.csproj", "{71DD3121-2F36-47C2-A5CB-7FA92395011C}"
EndProject
Project("{9A19103F-16F7-4668-BE54-9A1E7A4F7556}") = "AhoyShared", "src\Shared\AhoyShared.csproj", "{1874F994-9818-4552-9E08-74A7133E07D7}"
EndProject
Project("{9A19103F-16F7-4668-BE54-9A1E7A4F7556}") = "AhoyWhatsAppConnector", "src\WhatsAppConnector\AhoyWhatsAppConnector.csproj", "{EBF6FB4D-D8A0-441B-A2B0-552E5B2143EA}"
EndProject
Project("{9A19103F-16F7-4668-BE54-9A1E7A4F7556}") = "AhoyRegister", "src\Register\AhoyRegister.csproj", "{AC7032A4-65EE-47D0-9A9A-5D52BBA58C15}"
EndProject
Global
	GlobalSection(SolutionConfigurationPlatforms) = preSolution
		Debug|Any CPU = Debug|Any CPU
		Release|Any CPU = Release|Any CPU
	EndGlobalSection
	GlobalSection(ProjectConfigurationPlatforms) = postSolution
		{F1B0814C-A182-44B4-92BA-D6740C0D5B64}.Debug|Any CPU.ActiveCfg = Debug|Any CPU
		{F1B0814C-A182-44B4-92BA-D6740C0D5B64}.Debug|Any CPU.Build.0 = Debug|Any CPU
		{F1B0814C-A182-44B4-92BA-D6740C0D5B64}.Release|Any CPU.ActiveCfg = Release|Any CPU
		{F1B0814C-A182-44B4-92BA-D6740C0D5B64}.Release|Any CPU.Build.0 = Release|Any CPU
		{96E41546-150F-4C66-83A1-662D3C756AEB}.Debug|Any CPU.ActiveCfg = Debug|Any CPU
		{96E41546-150F-4C66-83A1-662D3C756AEB}.Debug|Any CPU.Build.0 = Debug|Any CPU
		{96E41546-150F-4C66-83A1-662D3C756AEB}.Release|Any CPU.ActiveCfg = Release|Any CPU
		{96E41546-150F-4C66-83A1-662D3C756AEB}.Release|Any CPU.Build.0 = Release|Any CPU
		{71DD3121-2F36-47C2-A5CB-7FA92395011C}.Debug|Any CPU.ActiveCfg = Debug|Any CPU
		{71DD3121-2F36-47C2-A5CB-7FA92395011C}.Debug|Any CPU.Build.0 = Debug|Any CPU
		{71DD3121-2F36-47C2-A5CB-7FA92395011C}.Release|Any CPU.ActiveCfg = Release|Any CPU
		{71DD3121-2F36-47C2-A5CB-7FA92395011C}.Release|Any CPU.Build.0 = Release|Any CPU
		{1874F994-9818-4552-9E08-74A7133E07D7}.Debug|Any CPU.ActiveCfg = Debug|Any CPU
		{1874F994-9818-4552-9E08-74A7133E07D7}.Debug|Any CPU.Build.0 = Debug|Any CPU
		{1874F994-9818-4552-9E08-74A7133E07D7}.Release|Any CPU.ActiveCfg = Release|Any CPU
		{1874F994-9818-4552-9E08-74A7133E07D7}.Release|Any CPU.Build.0 = Release|Any CPU
		{EBF6FB4D-D8A0-441B-A2B0-552E5B2143EA}.Debug|Any CPU.ActiveCfg = Debug|Any CPU
		{EBF6FB4D-D8A0-441B-A2B0-552E5B2143EA}.Debug|Any CPU.Build.0 = Debug|Any CPU
		{EBF6FB4D-D8A0-441B-A2B0-552E5B2143EA}.Release|Any CPU.ActiveCfg = Release|Any CPU
		{EBF6FB4D-D8A0-441B-A2B0-552E5B2143EA}.Release|Any CPU.Build.0 = Release|Any CPU
		{AC7032A4-65EE-47D0-9A9A-5D52BBA58C15}.Debug|Any CPU.ActiveCfg = Debug|Any CPU
		{AC7032A4-65EE-47D0-9A9A-5D52BBA58C15}.Debug|Any CPU.Build.0 = Debug|Any CPU
		{AC7032A4-65EE-47D0-9A9A-5D52BBA58C15}.Release|Any CPU.ActiveCfg = Release|Any CPU
		{AC7032A4-65EE-47D0-9A9A-5D52BBA58C15}.Release|Any CPU.Build.0 = Release|Any CPU
	EndGlobalSection
	GlobalSection(SolutionProperties) = preSolution
		HideSolutionNode = FALSE
	EndGlobalSection
	GlobalSection(ExtensibilityGlobals) = postSolution
		SolutionGuid = {D45FCF9D-8204-4ED8-945A-F0727F7CB11B}
	EndGlobalSection
EndGlobal
